// !$*UTF8*$!
{
	archiveVersion = 1;
	classes = {
	};
	objectVersion = 46;
	objects = {

/* Begin PBXBuildFile section */
		647C05711EF23073006AADF3 /* NSObject+DDNet.m in Sources */ = {isa = PBXBuildFile; fileRef = 647C05701EF23073006AADF3 /* NSObject+DDNet.m */; };
		647C05751EF25548006AADF3 /* DDNetObject.m in Sources */ = {isa = PBXBuildFile; fileRef = 647C05741EF25548006AADF3 /* DDNetObject.m */; };
		647C05791EF26501006AADF3 /* ViewControllerModel.m in Sources */ = {isa = PBXBuildFile; fileRef = 647C05781EF26501006AADF3 /* ViewControllerModel.m */; };
		647C05831EF26F37006AADF3 /* TwoViewController.m in Sources */ = {isa = PBXBuildFile; fileRef = 647C05811EF26F37006AADF3 /* TwoViewController.m */; };
		647C05841EF26F37006AADF3 /* TwoViewController.xib in Resources */ = {isa = PBXBuildFile; fileRef = 647C05821EF26F37006AADF3 /* TwoViewController.xib */; };
		64B6F12A1EF1777900A32615 /* main.m in Sources */ = {isa = PBXBuildFile; fileRef = 64B6F1291EF1777900A32615 /* main.m */; };
		64B6F12D1EF1777900A32615 /* AppDelegate.m in Sources */ = {isa = PBXBuildFile; fileRef = 64B6F12C1EF1777900A32615 /* AppDelegate.m */; };
		64B6F1301EF1777900A32615 /* ViewController.m in Sources */ = {isa = PBXBuildFile; fileRef = 64B6F12F1EF1777900A32615 /* ViewController.m */; };
		64B6F1331EF1777900A32615 /* Main.storyboard in Resources */ = {isa = PBXBuildFile; fileRef = 64B6F1311EF1777900A32615 /* Main.storyboard */; };
		64B6F1351EF1777900A32615 /* Assets.xcassets in Resources */ = {isa = PBXBuildFile; fileRef = 64B6F1341EF1777900A32615 /* Assets.xcassets */; };
		64B6F1381EF1777900A32615 /* LaunchScreen.storyboard in Resources */ = {isa = PBXBuildFile; fileRef = 64B6F1361EF1777900A32615 /* LaunchScreen.storyboard */; };
		64B6F1431EF1777900A32615 /* DataDrivingDemoTests.m in Sources */ = {isa = PBXBuildFile; fileRef = 64B6F1421EF1777900A32615 /* DataDrivingDemoTests.m */; };
		CD7284E4C67AF4FC6193395C /* libPods-DataDrivingDemo.a in Frameworks */ = {isa = PBXBuildFile; fileRef = AB89A698A1B4C1395B305A23 /* libPods-DataDrivingDemo.a */; };
/* End PBXBuildFile section */

/* Begin PBXContainerItemProxy section */
		64B6F13F1EF1777900A32615 /* PBXContainerItemProxy */ = {
			isa = PBXContainerItemProxy;
			containerPortal = 64B6F11D1EF1777900A32615 /* Project object */;
			proxyType = 1;
			remoteGlobalIDString = 64B6F1241EF1777900A32615;
			remoteInfo = DataDrivingDemo;
		};
/* End PBXContainerItemProxy section */

/* Begin PBXFileReference section */
		647C056F1EF23073006AADF3 /* NSObject+DDNet.h */ = {isa = PBXFileReference; fileEncoding = 4; lastKnownFileType = sourcecode.c.h; path = "NSObject+DDNet.h"; sourceTree = "<group>"; };
		647C05701EF23073006AADF3 /* NSObject+DDNet.m */ = {isa = PBXFileReference; fileEncoding = 4; lastKnownFileType = sourcecode.c.objc; path = "NSObject+DDNet.m"; sourceTree = "<group>"; };
		647C05731EF25548006AADF3 /* DDNetObject.h */ = {isa = PBXFileReference; fileEncoding = 4; lastKnownFileType = sourcecode.c.h; path = DDNetObject.h; sourceTree = "<group>"; };
		647C05741EF25548006AADF3 /* DDNetObject.m */ = {isa = PBXFileReference; fileEncoding = 4; lastKnownFileType = sourcecode.c.objc; path = DDNetObject.m; sourceTree = "<group>"; };
		647C05761EF25AFB006AADF3 /* DDNetResponder.h */ = {isa = PBXFileReference; fileEncoding = 4; lastKnownFileType = sourcecode.c.h; path = DDNetResponder.h; sourceTree = "<group>"; };
		647C05771EF26501006AADF3 /* ViewControllerModel.h */ = {isa = PBXFileReference; fileEncoding = 4; lastKnownFileType = sourcecode.c.h; path = ViewControllerModel.h; sourceTree = "<group>"; };
		647C05781EF26501006AADF3 /* ViewControllerModel.m */ = {isa = PBXFileReference; fileEncoding = 4; lastKnownFileType = sourcecode.c.objc; path = ViewControllerModel.m; sourceTree = "<group>"; };
		647C05801EF26F37006AADF3 /* TwoViewController.h */ = {isa = PBXFileReference; fileEncoding = 4; lastKnownFileType = sourcecode.c.h; path = TwoViewController.h; sourceTree = "<group>"; };
		647C05811EF26F37006AADF3 /* TwoViewController.m */ = {isa = PBXFileReference; fileEncoding = 4; lastKnownFileType = sourcecode.c.objc; path = TwoViewController.m; sourceTree = "<group>"; };
		647C05821EF26F37006AADF3 /* TwoViewController.xib */ = {isa = PBXFileReference; fileEncoding = 4; lastKnownFileType = file.xib; path = TwoViewController.xib; sourceTree = "<group>"; };
		64B6F1251EF1777900A32615 /* DataDrivingDemo.app */ = {isa = PBXFileReference; explicitFileType = wrapper.application; includeInIndex = 0; path = DataDrivingDemo.app; sourceTree = BUILT_PRODUCTS_DIR; };
		64B6F1291EF1777900A32615 /* main.m */ = {isa = PBXFileReference; lastKnownFileType = sourcecode.c.objc; path = main.m; sourceTree = "<group>"; };
		64B6F12B1EF1777900A32615 /* AppDelegate.h */ = {isa = PBXFileReference; lastKnownFileType = sourcecode.c.h; path = AppDelegate.h; sourceTree = "<group>"; };
		64B6F12C1EF1777900A32615 /* AppDelegate.m */ = {isa = PBXFileReference; lastKnownFileType = sourcecode.c.objc; path = AppDelegate.m; sourceTree = "<group>"; };
		64B6F12E1EF1777900A32615 /* ViewController.h */ = {isa = PBXFileReference; lastKnownFileType = sourcecode.c.h; path = ViewController.h; sourceTree = "<group>"; };
		64B6F12F1EF1777900A32615 /* ViewController.m */ = {isa = PBXFileReference; lastKnownFileType = sourcecode.c.objc; path = ViewController.m; sourceTree = "<group>"; };
		64B6F1321EF1777900A32615 /* Base */ = {isa = PBXFileReference; lastKnownFileType = file.storyboard; name = Base; path = Base.lproj/Main.storyboard; sourceTree = "<group>"; };
		64B6F1341EF1777900A32615 /* Assets.xcassets */ = {isa = PBXFileReference; lastKnownFileType = folder.assetcatalog; path = Assets.xcassets; sourceTree = "<group>"; };
		64B6F1371EF1777900A32615 /* Base */ = {isa = PBXFileReference; lastKnownFileType = file.storyboard; name = Base; path = Base.lproj/LaunchScreen.storyboard; sourceTree = "<group>"; };
		64B6F1391EF1777900A32615 /* Info.plist */ = {isa = PBXFileReference; lastKnownFileType = text.plist.xml; path = Info.plist; sourceTree = "<group>"; };
		64B6F13E1EF1777900A32615 /* DataDrivingDemoTests.xctest */ = {isa = PBXFileReference; explicitFileType = wrapper.cfbundle; includeInIndex = 0; path = DataDrivingDemoTests.xctest; sourceTree = BUILT_PRODUCTS_DIR; };
		64B6F1421EF1777900A32615 /* DataDrivingDemoTests.m */ = {isa = PBXFileReference; lastKnownFileType = sourcecode.c.objc; path = DataDrivingDemoTests.m; sourceTree = "<group>"; };
		64B6F1441EF1777900A32615 /* Info.plist */ = {isa = PBXFileReference; lastKnownFileType = text.plist.xml; path = Info.plist; sourceTree = "<group>"; };
		A01F0879C726649248EFA7A7 /* Pods-DataDrivingDemo.debug.xcconfig */ = {isa = PBXFileReference; includeInIndex = 1; lastKnownFileType = text.xcconfig; name = "Pods-DataDrivingDemo.debug.xcconfig"; path = "Pods/Target Support Files/Pods-DataDrivingDemo/Pods-DataDrivingDemo.debug.xcconfig"; sourceTree = "<group>"; };
		AB89A698A1B4C1395B305A23 /* libPods-DataDrivingDemo.a */ = {isa = PBXFileReference; explicitFileType = archive.ar; includeInIndex = 0; path = "libPods-DataDrivingDemo.a"; sourceTree = BUILT_PRODUCTS_DIR; };
		C597DCC412A06947B8B6B4CC /* Pods-DataDrivingDemo.release.xcconfig */ = {isa = PBXFileReference; includeInIndex = 1; lastKnownFileType = text.xcconfig; name = "Pods-DataDrivingDemo.release.xcconfig"; path = "Pods/Target Support Files/Pods-DataDrivingDemo/Pods-DataDrivingDemo.release.xcconfig"; sourceTree = "<group>"; };
/* End PBXFileReference section */

/* Begin PBXFrameworksBuildPhase section */
		64B6F1221EF1777900A32615 /* Frameworks */ = {
			isa = PBXFrameworksBuildPhase;
			buildActionMask = 2147483647;
			files = (
				CD7284E4C67AF4FC6193395C /* libPods-DataDrivingDemo.a in Frameworks */,
			);
			runOnlyForDeploymentPostprocessing = 0;
		};
		64B6F13B1EF1777900A32615 /* Frameworks */ = {
			isa = PBXFrameworksBuildPhase;
			buildActionMask = 2147483647;
			files = (
			);
			runOnlyForDeploymentPostprocessing = 0;
		};
/* End PBXFrameworksBuildPhase section */

/* Begin PBXGroup section */
		64B6F11C1EF1777900A32615 = {
			isa = PBXGroup;
			children = (
				64B6F1271EF1777900A32615 /* DataDrivingDemo */,
				64B6F1411EF1777900A32615 /* DataDrivingDemoTests */,
				64B6F1261EF1777900A32615 /* Products */,
				EACA4B8A7CFC1C83C035CA8F /* Pods */,
				C714771606C162E0612D6A20 /* Frameworks */,
			);
			sourceTree = "<group>";
		};
		64B6F1261EF1777900A32615 /* Products */ = {
			isa = PBXGroup;
			children = (
				64B6F1251EF1777900A32615 /* DataDrivingDemo.app */,
				64B6F13E1EF1777900A32615 /* DataDrivingDemoTests.xctest */,
			);
			name = Products;
			sourceTree = "<group>";
		};
		64B6F1271EF1777900A32615 /* DataDrivingDemo */ = {
			isa = PBXGroup;
			children = (
				64B6F14D1EF1786F00A32615 /* Source */,
				64B6F12B1EF1777900A32615 /* AppDelegate.h */,
				64B6F12C1EF1777900A32615 /* AppDelegate.m */,
				64B6F12E1EF1777900A32615 /* ViewController.h */,
				64B6F12F1EF1777900A32615 /* ViewController.m */,
				64B6F1311EF1777900A32615 /* Main.storyboard */,
				64B6F1341EF1777900A32615 /* Assets.xcassets */,
				64B6F1361EF1777900A32615 /* LaunchScreen.storyboard */,
				64B6F1391EF1777900A32615 /* Info.plist */,
				64B6F1281EF1777900A32615 /* Supporting Files */,
				647C05771EF26501006AADF3 /* ViewControllerModel.h */,
				647C05781EF26501006AADF3 /* ViewControllerModel.m */,
				647C05801EF26F37006AADF3 /* TwoViewController.h */,
				647C05811EF26F37006AADF3 /* TwoViewController.m */,
				647C05821EF26F37006AADF3 /* TwoViewController.xib */,
			);
			path = DataDrivingDemo;
			sourceTree = "<group>";
		};
		64B6F1281EF1777900A32615 /* Supporting Files */ = {
			isa = PBXGroup;
			children = (
				64B6F1291EF1777900A32615 /* main.m */,
			);
			name = "Supporting Files";
			sourceTree = "<group>";
		};
		64B6F1411EF1777900A32615 /* DataDrivingDemoTests */ = {
			isa = PBXGroup;
			children = (
				64B6F1421EF1777900A32615 /* DataDrivingDemoTests.m */,
				64B6F1441EF1777900A32615 /* Info.plist */,
			);
			path = DataDrivingDemoTests;
			sourceTree = "<group>";
		};
		64B6F14D1EF1786F00A32615 /* Source */ = {
			isa = PBXGroup;
			children = (
				647C056F1EF23073006AADF3 /* NSObject+DDNet.h */,
				647C05701EF23073006AADF3 /* NSObject+DDNet.m */,
				647C05731EF25548006AADF3 /* DDNetObject.h */,
				647C05741EF25548006AADF3 /* DDNetObject.m */,
				647C05761EF25AFB006AADF3 /* DDNetResponder.h */,
			);
			path = Source;
			sourceTree = "<group>";
		};
		C714771606C162E0612D6A20 /* Frameworks */ = {
			isa = PBXGroup;
			children = (
				AB89A698A1B4C1395B305A23 /* libPods-DataDrivingDemo.a */,
			);
			name = Frameworks;
			sourceTree = "<group>";
		};
		EACA4B8A7CFC1C83C035CA8F /* Pods */ = {
			isa = PBXGroup;
			children = (
				A01F0879C726649248EFA7A7 /* Pods-DataDrivingDemo.debug.xcconfig */,
				C597DCC412A06947B8B6B4CC /* Pods-DataDrivingDemo.release.xcconfig */,
			);
			name = Pods;
			sourceTree = "<group>";
		};
/* End PBXGroup section */

/* Begin PBXNativeTarget section */
		64B6F1241EF1777900A32615 /* DataDrivingDemo */ = {
			isa = PBXNativeTarget;
			buildConfigurationList = 64B6F1471EF1777900A32615 /* Build configuration list for PBXNativeTarget "DataDrivingDemo" */;
			buildPhases = (
				8B42F18FAB4DB2195B6592C1 /* [CP] Check Pods Manifest.lock */,
				64B6F1211EF1777900A32615 /* Sources */,
				64B6F1221EF1777900A32615 /* Frameworks */,
				64B6F1231EF1777900A32615 /* Resources */,
				21409862D65A9E87E36E7549 /* [CP] Embed Pods Frameworks */,
				2C47E968C93928F6AC5D678C /* [CP] Copy Pods Resources */,
			);
			buildRules = (
			);
			dependencies = (
			);
			name = DataDrivingDemo;
			productName = DataDrivingDemo;
			productReference = 64B6F1251EF1777900A32615 /* DataDrivingDemo.app */;
			productType = "com.apple.product-type.application";
		};
		64B6F13D1EF1777900A32615 /* DataDrivingDemoTests */ = {
			isa = PBXNativeTarget;
			buildConfigurationList = 64B6F14A1EF1777900A32615 /* Build configuration list for PBXNativeTarget "DataDrivingDemoTests" */;
			buildPhases = (
				64B6F13A1EF1777900A32615 /* Sources */,
				64B6F13B1EF1777900A32615 /* Frameworks */,
				64B6F13C1EF1777900A32615 /* Resources */,
			);
			buildRules = (
			);
			dependencies = (
				64B6F1401EF1777900A32615 /* PBXTargetDependency */,
			);
			name = DataDrivingDemoTests;
			productName = DataDrivingDemoTests;
			productReference = 64B6F13E1EF1777900A32615 /* DataDrivingDemoTests.xctest */;
			productType = "com.apple.product-type.bundle.unit-test";
		};
/* End PBXNativeTarget section */

/* Begin PBXProject section */
		64B6F11D1EF1777900A32615 /* Project object */ = {
			isa = PBXProject;
			attributes = {
				LastUpgradeCheck = 0820;
				ORGANIZATIONNAME = Mr.PYY;
				TargetAttributes = {
					64B6F1241EF1777900A32615 = {
						CreatedOnToolsVersion = 8.2.1;
						DevelopmentTeam = P89EA5NSQ3;
						ProvisioningStyle = Automatic;
					};
					64B6F13D1EF1777900A32615 = {
						CreatedOnToolsVersion = 8.2.1;
						DevelopmentTeam = P89EA5NSQ3;
						ProvisioningStyle = Automatic;
						TestTargetID = 64B6F1241EF1777900A32615;
					};
				};
			};
			buildConfigurationList = 64B6F1201EF1777900A32615 /* Build configuration list for PBXProject "DataDrivingDemo" */;
			compatibilityVersion = "Xcode 3.2";
			developmentRegion = English;
			hasScannedForEncodings = 0;
			knownRegions = (
				en,
				Base,
			);
			mainGroup = 64B6F11C1EF1777900A32615;
			productRefGroup = 64B6F1261EF1777900A32615 /* Products */;
			projectDirPath = "";
			projectRoot = "";
			targets = (
				64B6F1241EF1777900A32615 /* DataDrivingDemo */,
				64B6F13D1EF1777900A32615 /* DataDrivingDemoTests */,
			);
		};
/* End PBXProject section */

/* Begin PBXResourcesBuildPhase section */
		64B6F1231EF1777900A32615 /* Resources */ = {
			isa = PBXResourcesBuildPhase;
			buildActionMask = 2147483647;
			files = (
				64B6F1381EF1777900A32615 /* LaunchScreen.storyboard in Resources */,
				64B6F1351EF1777900A32615 /* Assets.xcassets in Resources */,
				64B6F1331EF1777900A32615 /* Main.storyboard in Resources */,
				647C05841EF26F37006AADF3 /* TwoViewController.xib in Resources */,
			);
			runOnlyForDeploymentPostprocessing = 0;
		};
		64B6F13C1EF1777900A32615 /* Resources */ = {
			isa = PBXResourcesBuildPhase;
			buildActionMask = 2147483647;
			files = (
			);
			runOnlyForDeploymentPostprocessing = 0;
		};
/* End PBXResourcesBuildPhase section */

/* Begin PBXShellScriptBuildPhase section */
		21409862D65A9E87E36E7549 /* [CP] Embed Pods Frameworks */ = {
			isa = PBXShellScriptBuildPhase;
			buildActionMask = 2147483647;
			files = (
			);
			inputPaths = (
			);
			name = "[CP] Embed Pods Frameworks";
			outputPaths = (
			);
			runOnlyForDeploymentPostprocessing = 0;
			shellPath = /bin/sh;
			shellScript = "\"${SRCROOT}/Pods/Target Support Files/Pods-DataDrivingDemo/Pods-DataDrivingDemo-frameworks.sh\"\n";
			showEnvVarsInLog = 0;
		};
		2C47E968C93928F6AC5D678C /* [CP] Copy Pods Resources */ = {
			isa = PBXShellScriptBuildPhase;
			buildActionMask = 2147483647;
			files = (
			);
			inputPaths = (
			);
			name = "[CP] Copy Pods Resources";
			outputPaths = (
			);
			runOnlyForDeploymentPostprocessing = 0;
			shellPath = /bin/sh;
			shellScript = "\"${SRCROOT}/Pods/Target Support Files/Pods-DataDrivingDemo/Pods-DataDrivingDemo-resources.sh\"\n";
			showEnvVarsInLog = 0;
		};
		8B42F18FAB4DB2195B6592C1 /* [CP] Check Pods Manifest.lock */ = {
			isa = PBXShellScriptBuildPhase;
			buildActionMask = 2147483647;
			files = (
			);
			inputPaths = (
			);
			name = "[CP] Check Pods Manifest.lock";
			outputPaths = (
			);
			runOnlyForDeploymentPostprocessing = 0;
			shellPath = /bin/sh;
			shellScript = "diff \"${PODS_PODFILE_DIR_PATH}/Podfile.lock\" \"${PODS_ROOT}/Manifest.lock\" > /dev/null\nif [ $? != 0 ] ; then\n    # print error to STDERR\n    echo \"error: The sandbox is not in sync with the Podfile.lock. Run 'pod install' or update your CocoaPods installation.\" >&2\n    exit 1\nfi\n";
			showEnvVarsInLog = 0;
		};
/* End PBXShellScriptBuildPhase section */

/* Begin PBXSourcesBuildPhase section */
		64B6F1211EF1777900A32615 /* Sources */ = {
			isa = PBXSourcesBuildPhase;
			buildActionMask = 2147483647;
			files = (
				647C05791EF26501006AADF3 /* ViewControllerModel.m in Sources */,
				64B6F1301EF1777900A32615 /* ViewController.m in Sources */,
				647C05711EF23073006AADF3 /* NSObject+DDNet.m in Sources */,
				64B6F12D1EF1777900A32615 /* AppDelegate.m in Sources */,
				647C05751EF25548006AADF3 /* DDNetObject.m in Sources */,
				647C05831EF26F37006AADF3 /* TwoViewController.m in Sources */,
				64B6F12A1EF1777900A32615 /* main.m in Sources */,
			);
			runOnlyForDeploymentPostprocessing = 0;
		};
		64B6F13A1EF1777900A32615 /* Sources */ = {
			isa = PBXSourcesBuildPhase;
			buildActionMask = 2147483647;
			files = (
				64B6F1431EF1777900A32615 /* DataDrivingDemoTests.m in Sources */,
			);
			runOnlyForDeploymentPostprocessing = 0;
		};
/* End PBXSourcesBuildPhase section */

/* Begin PBXTargetDependency section */
		64B6F1401EF1777900A32615 /* PBXTargetDependency */ = {
			isa = PBXTargetDependency;
			target = 64B6F1241EF1777900A32615 /* DataDrivingDemo */;
			targetProxy = 64B6F13F1EF1777900A32615 /* PBXContainerItemProxy */;
		};
/* End PBXTargetDependency section */

/* Begin PBXVariantGroup section */
		64B6F1311EF1777900A32615 /* Main.storyboard */ = {
			isa = PBXVariantGroup;
			children = (
				64B6F1321EF1777900A32615 /* Base */,
			);
			name = Main.storyboard;
			sourceTree = "<group>";
		};
		64B6F1361EF1777900A32615 /* LaunchScreen.storyboard */ = {
			isa = PBXVariantGroup;
			children = (
				64B6F1371EF1777900A32615 /* Base */,
			);
			name = LaunchScreen.storyboard;
			sourceTree = "<group>";
		};
/* End PBXVariantGroup section */

/* Begin XCBuildConfiguration section */
		64B6F1451EF1777900A32615 /* Debug */ = {
			isa = XCBuildConfiguration;
			buildSettings = {
				ALWAYS_SEARCH_USER_PATHS = NO;
				CLANG_ANALYZER_NONNULL = YES;
				CLANG_CXX_LANGUAGE_STANDARD = "gnu++0x";
				CLANG_CXX_LIBRARY = "libc++";
				CLANG_ENABLE_MODULES = YES;
				CLANG_ENABLE_OBJC_ARC = YES;
				CLANG_WARN_BOOL_CONVERSION = YES;
				CLANG_WARN_CONSTANT_CONVERSION = YES;
				CLANG_WARN_DIRECT_OBJC_ISA_USAGE = YES_ERROR;
				CLANG_WARN_DOCUMENTATION_COMMENTS = YES;
				CLANG_WARN_EMPTY_BODY = YES;
				CLANG_WARN_ENUM_CONVERSION = YES;
				CLANG_WARN_INFINITE_RECURSION = YES;
				CLANG_WARN_INT_CONVERSION = YES;
				CLANG_WARN_OBJC_ROOT_CLASS = YES_ERROR;
				CLANG_WARN_SUSPICIOUS_MOVE = YES;
				CLANG_WARN_UNREACHABLE_CODE = YES;
				CLANG_WARN__DUPLICATE_METHOD_MATCH = YES;
				"CODE_SIGN_IDENTITY[sdk=iphoneos*]" = "iPhone Developer";
				COPY_PHASE_STRIP = NO;
				DEBUG_INFORMATION_FORMAT = dwarf;
				ENABLE_STRICT_OBJC_MSGSEND = YES;
				ENABLE_TESTABILITY = YES;
				GCC_C_LANGUAGE_STANDARD = gnu99;
				GCC_DYNAMIC_NO_PIC = NO;
				GCC_NO_COMMON_BLOCKS = YES;
				GCC_OPTIMIZATION_LEVEL = 0;
				GCC_PREPROCESSOR_DEFINITIONS = (
					"DEBUG=1",
					"$(inherited)",
				);
				GCC_WARN_64_TO_32_BIT_CONVERSION = YES;
				GCC_WARN_ABOUT_RETURN_TYPE = YES_ERROR;
				GCC_WARN_UNDECLARED_SELECTOR = YES;
				GCC_WARN_UNINITIALIZED_AUTOS = YES_AGGRESSIVE;
				GCC_WARN_UNUSED_FUNCTION = YES;
				GCC_WARN_UNUSED_VARIABLE = YES;
				IPHONEOS_DEPLOYMENT_TARGET = 10.2;
				MTL_ENABLE_DEBUG_INFO = YES;
				ONLY_ACTIVE_ARCH = YES;
				SDKROOT = iphoneos;
			};
			name = Debug;
		};
		64B6F1461EF1777900A32615 /* Release */ = {
			isa = XCBuildConfiguration;
			buildSettings = {
				ALWAYS_SEARCH_USER_PATHS = NO;
				CLANG_ANALYZER_NONNULL = YES;
				CLANG_CXX_LANGUAGE_STANDARD = "gnu++0x";
				CLANG_CXX_LIBRARY = "libc++";
				CLANG_ENABLE_MODULES = YES;
				CLANG_ENABLE_OBJC_ARC = YES;
				CLANG_WARN_BOOL_CONVERSION = YES;
				CLANG_WARN_CONSTANT_CONVERSION = YES;
				CLANG_WARN_DIRECT_OBJC_ISA_USAGE = YES_ERROR;
				CLANG_WARN_DOCUMENTATION_COMMENTS = YES;
				CLANG_WARN_EMPTY_BODY = YES;
				CLANG_WARN_ENUM_CONVERSION = YES;
				CLANG_WARN_INFINITE_RECURSION = YES;
				CLANG_WARN_INT_CONVERSION = YES;
				CLANG_WARN_OBJC_ROOT_CLASS = YES_ERROR;
				CLANG_WARN_SUSPICIOUS_MOVE = YES;
				CLANG_WARN_UNREACHABLE_CODE = YES;
				CLANG_WARN__DUPLICATE_METHOD_MATCH = YES;
				"CODE_SIGN_IDENTITY[sdk=iphoneos*]" = "iPhone Developer";
				COPY_PHASE_STRIP = NO;
				DEBUG_INFORMATION_FORMAT = "dwarf-with-dsym";
				ENABLE_NS_ASSERTIONS = NO;
				ENABLE_STRICT_OBJC_MSGSEND = YES;
				GCC_C_LANGUAGE_STANDARD = gnu99;
				GCC_NO_COMMON_BLOCKS = YES;
				GCC_WARN_64_TO_32_BIT_CONVERSION = YES;
				GCC_WARN_ABOUT_RETURN_TYPE = YES_ERROR;
				GCC_WARN_UNDECLARED_SELECTOR = YES;
				GCC_WARN_UNINITIALIZED_AUTOS = YES_AGGRESSIVE;
				GCC_WARN_UNUSED_FUNCTION = YES;
				GCC_WARN_UNUSED_VARIABLE = YES;
				IPHONEOS_DEPLOYMENT_TARGET = 10.2;
				MTL_ENABLE_DEBUG_INFO = NO;
				SDKROOT = iphoneos;
				VALIDATE_PRODUCT = YES;
			};
			name = Release;
		};
		64B6F1481EF1777900A32615 /* Debug */ = {
			isa = XCBuildConfiguration;
			baseConfigurationReference = A01F0879C726649248EFA7A7 /* Pods-DataDrivingDemo.debug.xcconfig */;
			buildSettings = {
				ASSETCATALOG_COMPILER_APPICON_NAME = AppIcon;
				DEVELOPMENT_TEAM = P89EA5NSQ3;
				INFOPLIST_FILE = DataDrivingDemo/Info.plist;
				IPHONEOS_DEPLOYMENT_TARGET = 8.0;
				LD_RUNPATH_SEARCH_PATHS = "$(inherited) @executable_path/Frameworks";
				PRODUCT_BUNDLE_IDENTIFIER = com.pyy.DataDrivingDemo;
				PRODUCT_NAME = "$(TARGET_NAME)";
			};
			name = Debug;
		};
		64B6F1491EF1777900A32615 /* Release */ = {
			isa = XCBuildConfiguration;
			baseConfigurationReference = C597DCC412A06947B8B6B4CC /* Pods-DataDrivingDemo.release.xcconfig */;
			buildSettings = {
				ASSETCATALOG_COMPILER_APPICON_NAME = AppIcon;
				DEVELOPMENT_TEAM = P89EA5NSQ3;
				INFOPLIST_FILE = DataDrivingDemo/Info.plist;
				IPHONEOS_DEPLOYMENT_TARGET = 8.0;
				LD_RUNPATH_SEARCH_PATHS = "$(inherited) @executable_path/Frameworks";
				PRODUCT_BUNDLE_IDENTIFIER = com.pyy.DataDrivingDemo;
				PRODUCT_NAME = "$(TARGET_NAME)";
			};
			name = Release;
		};
		64B6F14B1EF1777900A32615 /* Debug */ = {
			isa = XCBuildConfiguration;
			buildSettings = {
				BUNDLE_LOADER = "$(TEST_HOST)";
				DEVELOPMENT_TEAM = P89EA5NSQ3;
				INFOPLIST_FILE = DataDrivingDemoTests/Info.plist;
				LD_RUNPATH_SEARCH_PATHS = "$(inherited) @executable_path/Frameworks @loader_path/Frameworks";
				PRODUCT_BUNDLE_IDENTIFIER = com.pyy.DataDrivingDemoTests;
				PRODUCT_NAME = "$(TARGET_NAME)";
				TEST_HOST = "$(BUILT_PRODUCTS_DIR)/DataDrivingDemo.app/DataDrivingDemo";
			};
			name = Debug;
		};
		64B6F14C1EF1777900A32615 /* Release */ = {
			isa = XCBuildConfiguration;
			buildSettings = {
				BUNDLE_LOADER = "$(TEST_HOST)";
				DEVELOPMENT_TEAM = P89EA5NSQ3;
				INFOPLIST_FILE = DataDrivingDemoTests/Info.plist;
				LD_RUNPATH_SEARCH_PATHS = "$(inherited) @executable_path/Frameworks @loader_path/Frameworks";
				PRODUCT_BUNDLE_IDENTIFIER = com.pyy.DataDrivingDemoTests;
				PRODUCT_NAME = "$(TARGET_NAME)";
				TEST_HOST = "$(BUILT_PRODUCTS_DIR)/DataDrivingDemo.app/DataDrivingDemo";
			};
			name = Release;
		};
/* End XCBuildConfiguration section */

/* Begin XCConfigurationList section */
		64B6F1201EF1777900A32615 /* Build configuration list for PBXProject "DataDrivingDemo" */ = {
			isa = XCConfigurationList;
			buildConfigurations = (
				64B6F1451EF1777900A32615 /* Debug */,
				64B6F1461EF1777900A32615 /* Release */,
			);
			defaultConfigurationIsVisible = 0;
			defaultConfigurationName = Release;
		};
		64B6F1471EF1777900A32615 /* Build configuration list for PBXNativeTarget "DataDrivingDemo" */ = {
			isa = XCConfigurationList;
			buildConfigurations = (
				64B6F1481EF1777900A32615 /* Debug */,
				64B6F1491EF1777900A32615 /* Release */,
			);
			defaultConfigurationIsVisible = 0;
			defaultConfigurationName = Release;
		};
		64B6F14A1EF1777900A32615 /* Build configuration list for PBXNativeTarget "DataDrivingDemoTests" */ = {
			isa = XCConfigurationList;
			buildConfigurations = (
				64B6F14B1EF1777900A32615 /* Debug */,
				64B6F14C1EF1777900A32615 /* Release */,
			);
			defaultConfigurationIsVisible = 0;
			defaultConfigurationName = Release;
		};
/* End XCConfigurationList section */
	};
	rootObject = 64B6F11D1EF1777900A32615 /* Project object */;
}
